
Microsoft Visual Studio Solution File, Format Version 12.00
# Visual Studio Version 17
VisualStudioVersion = 17.13.35919.96
MinimumVisualStudioVersion = 10.0.40219.1
Project("{FAE04EC0-301F-11D3-BF4B-00C04F79EFBC}") = "r6-marketplace", "r6-marketplace\r6-marketplace.csproj", "{7BE2E428-7F01-4E45-A8AF-9E0B85DE223B}"
EndProject
Project("{FAE04EC0-301F-11D3-BF4B-00C04F79EFBC}") = "example", "example\example.csproj", "{9355D330-F186-4C10-9004-5C185069E7FD}"
EndProject
Project("{FAE04EC0-301F-11D3-BF4B-00C04F79EFBC}") = "Testing", "Testing\Testing.csproj", "{944B6B7D-E195-4EB8-8054-C8E7EE8E12DF}"
EndProject
Global
	GlobalSection(SolutionConfigurationPlatforms) = preSolution
		Debug|Any CPU = Debug|Any CPU
		Release|Any CPU = Release|Any CPU
	EndGlobalSection
	GlobalSection(ProjectConfigurationPlatforms) = postSolution
		{7BE2E428-7F01-4E45-A8AF-9E0B85DE223B}.Debug|Any CPU.ActiveCfg = Debug|Any CPU
		{7BE2E428-7F01-4E45-A8AF-9E0B85DE223B}.Debug|Any CPU.Build.0 = Debug|Any CPU
		{7BE2E428-7F01-4E45-A8AF-9E0B85DE223B}.Release|Any CPU.ActiveCfg = Release|Any CPU
		{7BE2E428-7F01-4E45-A8AF-9E0B85DE223B}.Release|Any CPU.Build.0 = Release|Any CPU
		{9355D330-F186-4C10-9004-5C185069E7FD}.Debug|Any CPU.ActiveCfg = Debug|Any CPU
		{9355D330-F186-4C10-9004-5C185069E7FD}.Debug|Any CPU.Build.0 = Debug|Any CPU
		{9355D330-F186-4C10-9004-5C185069E7FD}.Release|Any CPU.ActiveCfg = Release|Any CPU
		{9355D330-F186-4C10-9004-5C185069E7FD}.Release|Any CPU.Build.0 = Release|Any CPU
		{944B6B7D-E195-4EB8-8054-C8E7EE8E12DF}.Debug|Any CPU.ActiveCfg = Debug|Any CPU
		{944B6B7D-E195-4EB8-8054-C8E7EE8E12DF}.Debug|Any CPU.Build.0 = Debug|Any CPU
		{944B6B7D-E195-4EB8-8054-C8E7EE8E12DF}.Release|Any CPU.ActiveCfg = Release|Any CPU
		{944B6B7D-E195-4EB8-8054-C8E7EE8E12DF}.Release|Any CPU.Build.0 = Release|Any CPU
	EndGlobalSection
	GlobalSection(SolutionProperties) = preSolution
		HideSolutionNode = FALSE
	EndGlobalSection
	GlobalSection(ExtensibilityGlobals) = postSolution
		SolutionGuid = {B9DC4C46-B05F-4E68-9BCB-C733FE26E8D9}
	EndGlobalSection
EndGlobal
